Microsoft Visual Studio Solution File, Format Version 12.00
# Visual Studio Version 17
VisualStudioVersion = 17.0.31903.59
MinimumVisualStudioVersion = 10.0.40219.1
Project("{9A19103F-16F7-4668-BE54-9A1E7A4F7556}") = "TurnedOnTimesView", "src\TurnedOnTimesView\TurnedOnTimesView.csproj", "{A1B2C3D4-E5F6-7890-1234-567890ABCDEF}"
EndProject
Project("{9A19103F-16F7-4668-BE54-9A1E7A4F7556}") = "TurnedOnTimesView.Tests", "tests\TurnedOnTimesView.Tests\TurnedOnTimesView.Tests.csproj", "{0B9AF87A-0BBB-4388-A0AD-8316FB109E54}"
EndProject
Project("{9A19103F-16F7-4668-BE54-9A1E7A4F7556}") = "TurnedOnTimesView.IntegrationTests", "tests\TurnedOnTimesView.IntegrationTests\TurnedOnTimesView.IntegrationTests.csproj", "{CA9656DD-801D-47FD-A60C-3FF55FCF4998}"
EndProject
Global
	GlobalSection(SolutionConfigurationPlatforms) = preSolution
		Debug|Any CPU = Debug|Any CPU
		Release|Any CPU = Release|Any CPU
	EndGlobalSection
	GlobalSection(ProjectConfigurationPlatforms) = postSolution
		{A1B2C3D4-E5F6-7890-1234-567890ABCDEF}.Debug|Any CPU.ActiveCfg = Debug|Any CPU
		{A1B2C3D4-E5F6-7890-1234-567890ABCDEF}.Debug|Any CPU.Build.0 = Debug|Any CPU
		{A1B2C3D4-E5F6-7890-1234-567890ABCDEF}.Release|Any CPU.ActiveCfg = Release|Any CPU
		{A1B2C3D4-E5F6-7890-1234-567890ABCDEF}.Release|Any CPU.Build.0 = Release|Any CPU
		{0B9AF87A-0BBB-4388-A0AD-8316FB109E54}.Debug|Any CPU.ActiveCfg = Debug|Any CPU
		{0B9AF87A-0BBB-4388-A0AD-8316FB109E54}.Debug|Any CPU.Build.0 = Debug|Any CPU
		{0B9AF87A-0BBB-4388-A0AD-8316FB109E54}.Release|Any CPU.ActiveCfg = Release|Any CPU
		{0B9AF87A-0BBB-4388-A0AD-8316FB109E54}.Release|Any CPU.Build.0 = Release|Any CPU
		{CA9656DD-801D-47FD-A60C-3FF55FCF4998}.Debug|Any CPU.ActiveCfg = Debug|Any CPU
		{CA9656DD-801D-47FD-A60C-3FF55FCF4998}.Debug|Any CPU.Build.0 = Debug|Any CPU
		{CA9656DD-801D-47FD-A60C-3FF55FCF4998}.Release|Any CPU.ActiveCfg = Release|Any CPU
		{CA9656DD-801D-47FD-A60C-3FF55FCF4998}.Release|Any CPU.Build.0 = Release|Any CPU
	EndGlobalSection
	GlobalSection(SolutionProperties) = preSolution
		HideSolutionNode = FALSE
	EndGlobalSection
EndGlobal
